### YamlMime:UniversalReference
items:
  - uid: botbuilder-azure.BlobServiceAsync.BlobService.Block
    name: Block
    fullName: Block
    children:
      - botbuilder-azure.BlobServiceAsync.BlobService.Block.Name
      - botbuilder-azure.BlobServiceAsync.BlobService.Block.Size
    langs:
      - typeScript
    type: interface
    summary: ''
    package: botbuilder-azure
    module: BlobService
  - uid: botbuilder-azure.BlobServiceAsync.BlobService.Block.Name
    name: Name
    fullName: Name
    children: []
    langs:
      - typeScript
    type: property
    summary: ''
    optional: true
    syntax:
      content: 'Name?: string'
      return:
        type:
          - string
    module: BlobService
  - uid: botbuilder-azure.BlobServiceAsync.BlobService.Block.Size
    name: Size
    fullName: Size
    children: []
    langs:
      - typeScript
    type: property
    summary: ''
    optional: true
    syntax:
      content: 'Size?: string'
      return:
        type:
          - string
    module: BlobService
